{
  "name": "@conical/core",
  "version": "1.0.0",
  "lockfileVersion": 1,
  "requires": true,
  "dependencies": {
    "@types/node": {
      "version": "8.0.13",
      "resolved": "https://registry.npmjs.org/@types/node/-/node-8.0.13.tgz",
      "integrity": "sha512-Y3EAG7VA7NVNbZek/fjJtILnmTk/ZfpJuWZGDBqDZ1dVIxgJJJ82fXPW7pKnqyV9CD/9bcPOCi7eErUqGMHOrA==",
      "dev": true
    },
    "jshashes": {
      "version": "1.0.7",
      "resolved": "https://registry.npmjs.org/jshashes/-/jshashes-1.0.7.tgz",
      "integrity": "sha1-vtjJeg6WMv0FE5FvVfdt1Uhr5Z8="
    },
    "reflect-metadata": {
      "version": "0.1.10",
      "resolved": "https://registry.npmjs.org/reflect-metadata/-/reflect-metadata-0.1.10.tgz",
      "integrity": "sha1-tPg3BEFqytiZiMmxVjXUfgO5NEo="
    }
  }
}
